
Microsoft Visual Studio Solution File, Format Version 12.00
# Visual Studio Version 17
VisualStudioVersion = 17.9.34723.18
MinimumVisualStudioVersion = 10.0.40219.1
Project("{FAE04EC0-301F-11D3-BF4B-00C04F79EFBC}") = "ByteBazaarAPI", "ByteBazaarAPI.csproj", "{3EF9E09D-33FC-470A-B641-8A8F8346EC0D}"
EndProject
Global
	GlobalSection(SolutionConfigurationPlatforms) = preSolution
		Debug|Any CPU = Debug|Any CPU
		Release|Any CPU = Release|Any CPU
	EndGlobalSection
	GlobalSection(ProjectConfigurationPlatforms) = postSolution
		{3EF9E09D-33FC-470A-B641-8A8F8346EC0D}.Debug|Any CPU.ActiveCfg = Debug|Any CPU
		{3EF9E09D-33FC-470A-B641-8A8F8346EC0D}.Debug|Any CPU.Build.0 = Debug|Any CPU
		{3EF9E09D-33FC-470A-B641-8A8F8346EC0D}.Release|Any CPU.ActiveCfg = Release|Any CPU
		{3EF9E09D-33FC-470A-B641-8A8F8346EC0D}.Release|Any CPU.Build.0 = Release|Any CPU
	EndGlobalSection
	GlobalSection(SolutionProperties) = preSolution
		HideSolutionNode = FALSE
	EndGlobalSection
	GlobalSection(ExtensibilityGlobals) = postSolution
		SolutionGuid = {26572A58-69E9-4B2F-8C5C-1E7510064CBB}
	EndGlobalSection
EndGlobal
